{
  "name": "lib-wav-audio-recorder",
  "version": "1.0.0",
  "lockfileVersion": 3,
  "requires": true,
  "packages": {
    "": {
      "name": "lib-wav-audio-recorder",
      "version": "1.0.0",
      "license": "ISC",
      "dependencies": {
        "convert-time-to-mmss": "^1.0.1",
        "lib-wav-encoder": "^1.0.0"
      }
    },
    "node_modules/convert-time-to-mmss": {
      "version": "1.0.1",
      "resolved": "https://registry.npmjs.org/convert-time-to-mmss/-/convert-time-to-mmss-1.0.1.tgz",
      "integrity": "sha512-eZMhq2GVGkTZhxJz3yuy1wJRHusHSBCd1BGbGCLlclny3eHiX6/bC7OY8YNtnFzBPe9RHFmCDp7FMwvJvR3gag=="
    },
    "node_modules/lib-wav-encoder": {
      "version": "1.0.0",
      "resolved": "https://registry.npmjs.org/lib-wav-encoder/-/lib-wav-encoder-1.0.0.tgz",
      "integrity": "sha512-METMrTSiXwNiaBXzlPdJ0Cq9x8P+QvghOK6sRA5Vdk4w146l1TE3fatQkm4FFERO0nQ/9bCEgiSP9juqYgIPtA=="
    }
  }
}
